
Microsoft Visual Studio Solution File, Format Version 12.00
# Visual Studio Version 17
VisualStudioVersion = 17.7.34018.315
MinimumVisualStudioVersion = 10.0.40219.1
Project("{FAE04EC0-301F-11D3-BF4B-00C04F79EFBC}") = "bob_paint", "bob_paint.csproj", "{98393913-8619-4281-BC41-9D3E70C04093}"
EndProject
Global
	GlobalSection(SolutionConfigurationPlatforms) = preSolution
		Debug|Any CPU = Debug|Any CPU
		Release|Any CPU = Release|Any CPU
	EndGlobalSection
	GlobalSection(ProjectConfigurationPlatforms) = postSolution
		{98393913-8619-4281-BC41-9D3E70C04093}.Debug|Any CPU.ActiveCfg = Debug|Any CPU
		{98393913-8619-4281-BC41-9D3E70C04093}.Debug|Any CPU.Build.0 = Debug|Any CPU
		{98393913-8619-4281-BC41-9D3E70C04093}.Release|Any CPU.ActiveCfg = Release|Any CPU
		{98393913-8619-4281-BC41-9D3E70C04093}.Release|Any CPU.Build.0 = Release|Any CPU
	EndGlobalSection
	GlobalSection(SolutionProperties) = preSolution
		HideSolutionNode = FALSE
	EndGlobalSection
	GlobalSection(ExtensibilityGlobals) = postSolution
		SolutionGuid = {19074418-A294-43F0-BF6F-570DB3C7F828}
	EndGlobalSection
EndGlobal
